// !$*UTF8*$!
{
	archiveVersion = 1;
	classes = {
	};
	objectVersion = 56;
	objects = {

/* Begin PBXBuildFile section */
		10206B102BD6D19F000B35AC /* TextField.swift in Sources */ = {isa = PBXBuildFile; fileRef = 10206B0F2BD6D19F000B35AC /* TextField.swift */; };
		10206B1B2BE7F186000B35AC /* ModelNetwork.swift in Sources */ = {isa = PBXBuildFile; fileRef = 10206B1A2BE7F186000B35AC /* ModelNetwork.swift */; };
		10206B1F2BE7F2E8000B35AC /* Constants.swift in Sources */ = {isa = PBXBuildFile; fileRef = 10206B1E2BE7F2E8000B35AC /* Constants.swift */; };
		10206B212BE9527C000B35AC /* AlamofireRequestManager.swift in Sources */ = {isa = PBXBuildFile; fileRef = 10206B202BE9527C000B35AC /* AlamofireRequestManager.swift */; };
		10206B252BED5023000B35AC /* URLSessionManager.swift in Sources */ = {isa = PBXBuildFile; fileRef = 10206B242BED5023000B35AC /* URLSessionManager.swift */; };
		102436462BCBBDCA004BB4E8 /* AppDelegate.swift in Sources */ = {isa = PBXBuildFile; fileRef = 102436452BCBBDCA004BB4E8 /* AppDelegate.swift */; };
		102436482BCBBDCA004BB4E8 /* SceneDelegate.swift in Sources */ = {isa = PBXBuildFile; fileRef = 102436472BCBBDCA004BB4E8 /* SceneDelegate.swift */; };
		1024364A2BCBBDCA004BB4E8 /* MainViewController.swift in Sources */ = {isa = PBXBuildFile; fileRef = 102436492BCBBDCA004BB4E8 /* MainViewController.swift */; };
		1024364F2BCBBDCC004BB4E8 /* Assets.xcassets in Resources */ = {isa = PBXBuildFile; fileRef = 1024364E2BCBBDCC004BB4E8 /* Assets.xcassets */; };
		102436522BCBBDCC004BB4E8 /* Base in Resources */ = {isa = PBXBuildFile; fileRef = 102436512BCBBDCC004BB4E8 /* Base */; };
		5C3E364933E492BA0A7A0E76 /* Pods_M18_7.framework in Frameworks */ = {isa = PBXBuildFile; fileRef = 64ADA833F185F708D6B4D947 /* Pods_M18_7.framework */; };
/* End PBXBuildFile section */

/* Begin PBXFileReference section */
		10206B0F2BD6D19F000B35AC /* TextField.swift */ = {isa = PBXFileReference; lastKnownFileType = sourcecode.swift; path = TextField.swift; sourceTree = "<group>"; };
		10206B1A2BE7F186000B35AC /* ModelNetwork.swift */ = {isa = PBXFileReference; lastKnownFileType = sourcecode.swift; path = ModelNetwork.swift; sourceTree = "<group>"; };
		10206B1E2BE7F2E8000B35AC /* Constants.swift */ = {isa = PBXFileReference; lastKnownFileType = sourcecode.swift; path = Constants.swift; sourceTree = "<group>"; };
		10206B202BE9527C000B35AC /* AlamofireRequestManager.swift */ = {isa = PBXFileReference; lastKnownFileType = sourcecode.swift; path = AlamofireRequestManager.swift; sourceTree = "<group>"; };
		10206B242BED5023000B35AC /* URLSessionManager.swift */ = {isa = PBXFileReference; lastKnownFileType = sourcecode.swift; path = URLSessionManager.swift; sourceTree = "<group>"; };
		102436422BCBBDCA004BB4E8 /* M18.7.app */ = {isa = PBXFileReference; explicitFileType = wrapper.application; includeInIndex = 0; path = M18.7.app; sourceTree = BUILT_PRODUCTS_DIR; };
		102436452BCBBDCA004BB4E8 /* AppDelegate.swift */ = {isa = PBXFileReference; lastKnownFileType = sourcecode.swift; path = AppDelegate.swift; sourceTree = "<group>"; };
		102436472BCBBDCA004BB4E8 /* SceneDelegate.swift */ = {isa = PBXFileReference; lastKnownFileType = sourcecode.swift; path = SceneDelegate.swift; sourceTree = "<group>"; };
		102436492BCBBDCA004BB4E8 /* MainViewController.swift */ = {isa = PBXFileReference; lastKnownFileType = sourcecode.swift; path = MainViewController.swift; sourceTree = "<group>"; };
		1024364E2BCBBDCC004BB4E8 /* Assets.xcassets */ = {isa = PBXFileReference; lastKnownFileType = folder.assetcatalog; path = Assets.xcassets; sourceTree = "<group>"; };
		102436512BCBBDCC004BB4E8 /* Base */ = {isa = PBXFileReference; lastKnownFileType = file.storyboard; name = Base; path = Base.lproj/LaunchScreen.storyboard; sourceTree = "<group>"; };
		102436532BCBBDCC004BB4E8 /* Info.plist */ = {isa = PBXFileReference; lastKnownFileType = text.plist.xml; path = Info.plist; sourceTree = "<group>"; };
		373298CF28DBF233D5FA9E78 /* Pods-M18.7.debug.xcconfig */ = {isa = PBXFileReference; includeInIndex = 1; lastKnownFileType = text.xcconfig; name = "Pods-M18.7.debug.xcconfig"; path = "Target Support Files/Pods-M18.7/Pods-M18.7.debug.xcconfig"; sourceTree = "<group>"; };
		64ADA833F185F708D6B4D947 /* Pods_M18_7.framework */ = {isa = PBXFileReference; explicitFileType = wrapper.framework; includeInIndex = 0; path = Pods_M18_7.framework; sourceTree = BUILT_PRODUCTS_DIR; };
		FE2A2725067CEDB7DB245C2D /* Pods-M18.7.release.xcconfig */ = {isa = PBXFileReference; includeInIndex = 1; lastKnownFileType = text.xcconfig; name = "Pods-M18.7.release.xcconfig"; path = "Target Support Files/Pods-M18.7/Pods-M18.7.release.xcconfig"; sourceTree = "<group>"; };
/* End PBXFileReference section */

/* Begin PBXFrameworksBuildPhase section */
		1024363F2BCBBDCA004BB4E8 /* Frameworks */ = {
			isa = PBXFrameworksBuildPhase;
			buildActionMask = 2147483647;
			files = (
				5C3E364933E492BA0A7A0E76 /* Pods_M18_7.framework in Frameworks */,
			);
			runOnlyForDeploymentPostprocessing = 0;
		};
/* End PBXFrameworksBuildPhase section */

/* Begin PBXGroup section */
		10206B192BE7F15D000B35AC /* Network */ = {
			isa = PBXGroup;
			children = (
				10206B1A2BE7F186000B35AC /* ModelNetwork.swift */,
				10206B202BE9527C000B35AC /* AlamofireRequestManager.swift */,
				10206B242BED5023000B35AC /* URLSessionManager.swift */,
			);
			path = Network;
			sourceTree = "<group>";
		};
		10206B1C2BE7F23E000B35AC /* System resources */ = {
			isa = PBXGroup;
			children = (
				102436452BCBBDCA004BB4E8 /* AppDelegate.swift */,
				102436472BCBBDCA004BB4E8 /* SceneDelegate.swift */,
				1024364E2BCBBDCC004BB4E8 /* Assets.xcassets */,
				102436502BCBBDCC004BB4E8 /* LaunchScreen.storyboard */,
			);
			path = "System resources";
			sourceTree = "<group>";
		};
		10206B1D2BE7F2D2000B35AC /* Additions */ = {
			isa = PBXGroup;
			children = (
				10206B1E2BE7F2E8000B35AC /* Constants.swift */,
				10206B0F2BD6D19F000B35AC /* TextField.swift */,
			);
			path = Additions;
			sourceTree = "<group>";
		};
		102436392BCBBDCA004BB4E8 = {
			isa = PBXGroup;
			children = (
				102436442BCBBDCA004BB4E8 /* M18.7 */,
				102436432BCBBDCA004BB4E8 /* Products */,
				637D9C659FA044C8C10C6CB2 /* Pods */,
				816F54DA97C2E5C4BFD06207 /* Frameworks */,
			);
			sourceTree = "<group>";
		};
		102436432BCBBDCA004BB4E8 /* Products */ = {
			isa = PBXGroup;
			children = (
				102436422BCBBDCA004BB4E8 /* M18.7.app */,
			);
			name = Products;
			sourceTree = "<group>";
		};
		102436442BCBBDCA004BB4E8 /* M18.7 */ = {
			isa = PBXGroup;
			children = (
				10206B1D2BE7F2D2000B35AC /* Additions */,
				10206B1C2BE7F23E000B35AC /* System resources */,
				10206B192BE7F15D000B35AC /* Network */,
				102436592BCBBE2B004BB4E8 /* View Controller */,
				102436532BCBBDCC004BB4E8 /* Info.plist */,
			);
			path = M18.7;
			sourceTree = "<group>";
		};
		102436592BCBBE2B004BB4E8 /* View Controller */ = {
			isa = PBXGroup;
			children = (
				102436492BCBBDCA004BB4E8 /* MainViewController.swift */,
			);
			path = "View Controller";
			sourceTree = "<group>";
		};
		637D9C659FA044C8C10C6CB2 /* Pods */ = {
			isa = PBXGroup;
			children = (
				373298CF28DBF233D5FA9E78 /* Pods-M18.7.debug.xcconfig */,
				FE2A2725067CEDB7DB245C2D /* Pods-M18.7.release.xcconfig */,
			);
			path = Pods;
			sourceTree = "<group>";
		};
		816F54DA97C2E5C4BFD06207 /* Frameworks */ = {
			isa = PBXGroup;
			children = (
				64ADA833F185F708D6B4D947 /* Pods_M18_7.framework */,
			);
			name = Frameworks;
			sourceTree = "<group>";
		};
/* End PBXGroup section */

/* Begin PBXNativeTarget section */
		102436412BCBBDCA004BB4E8 /* M18.7 */ = {
			isa = PBXNativeTarget;
			buildConfigurationList = 102436562BCBBDCC004BB4E8 /* Build configuration list for PBXNativeTarget "M18.7" */;
			buildPhases = (
				3C5D195087696E70B0BF35D6 /* [CP] Check Pods Manifest.lock */,
				1024363E2BCBBDCA004BB4E8 /* Sources */,
				1024363F2BCBBDCA004BB4E8 /* Frameworks */,
				102436402BCBBDCA004BB4E8 /* Resources */,
				2971D05930DB65DB2840867D /* [CP] Embed Pods Frameworks */,
			);
			buildRules = (
			);
			dependencies = (
			);
			name = M18.7;
			productName = M18.7;
			productReference = 102436422BCBBDCA004BB4E8 /* M18.7.app */;
			productType = "com.apple.product-type.application";
		};
/* End PBXNativeTarget section */

/* Begin PBXProject section */
		1024363A2BCBBDCA004BB4E8 /* Project object */ = {
			isa = PBXProject;
			attributes = {
				BuildIndependentTargetsInParallel = 1;
				LastSwiftUpdateCheck = 1530;
				LastUpgradeCheck = 1530;
				TargetAttributes = {
					102436412BCBBDCA004BB4E8 = {
						CreatedOnToolsVersion = 15.3;
					};
				};
			};
			buildConfigurationList = 1024363D2BCBBDCA004BB4E8 /* Build configuration list for PBXProject "M18.7" */;
			compatibilityVersion = "Xcode 14.0";
			developmentRegion = en;
			hasScannedForEncodings = 0;
			knownRegions = (
				en,
				Base,
			);
			mainGroup = 102436392BCBBDCA004BB4E8;
			productRefGroup = 102436432BCBBDCA004BB4E8 /* Products */;
			projectDirPath = "";
			projectRoot = "";
			targets = (
				102436412BCBBDCA004BB4E8 /* M18.7 */,
			);
		};
/* End PBXProject section */

/* Begin PBXResourcesBuildPhase section */
		102436402BCBBDCA004BB4E8 /* Resources */ = {
			isa = PBXResourcesBuildPhase;
			buildActionMask = 2147483647;
			files = (
				1024364F2BCBBDCC004BB4E8 /* Assets.xcassets in Resources */,
				102436522BCBBDCC004BB4E8 /* Base in Resources */,
			);
			runOnlyForDeploymentPostprocessing = 0;
		};
/* End PBXResourcesBuildPhase section */

/* Begin PBXShellScriptBuildPhase section */
		2971D05930DB65DB2840867D /* [CP] Embed Pods Frameworks */ = {
			isa = PBXShellScriptBuildPhase;
			buildActionMask = 2147483647;
			files = (
			);
			inputFileListPaths = (
				"${PODS_ROOT}/Target Support Files/Pods-M18.7/Pods-M18.7-frameworks-${CONFIGURATION}-input-files.xcfilelist",
			);
			name = "[CP] Embed Pods Frameworks";
			outputFileListPaths = (
				"${PODS_ROOT}/Target Support Files/Pods-M18.7/Pods-M18.7-frameworks-${CONFIGURATION}-output-files.xcfilelist",
			);
			runOnlyForDeploymentPostprocessing = 0;
			shellPath = /bin/sh;
			shellScript = "\"${PODS_ROOT}/Target Support Files/Pods-M18.7/Pods-M18.7-frameworks.sh\"\n";
			showEnvVarsInLog = 0;
		};
		3C5D195087696E70B0BF35D6 /* [CP] Check Pods Manifest.lock */ = {
			isa = PBXShellScriptBuildPhase;
			buildActionMask = 2147483647;
			files = (
			);
			inputFileListPaths = (
			);
			inputPaths = (
				"${PODS_PODFILE_DIR_PATH}/Podfile.lock",
				"${PODS_ROOT}/Manifest.lock",
			);
			name = "[CP] Check Pods Manifest.lock";
			outputFileListPaths = (
			);
			outputPaths = (
				"$(DERIVED_FILE_DIR)/Pods-M18.7-checkManifestLockResult.txt",
			);
			runOnlyForDeploymentPostprocessing = 0;
			shellPath = /bin/sh;
			shellScript = "diff \"${PODS_PODFILE_DIR_PATH}/Podfile.lock\" \"${PODS_ROOT}/Manifest.lock\" > /dev/null\nif [ $? != 0 ] ; then\n    # print error to STDERR\n    echo \"error: The sandbox is not in sync with the Podfile.lock. Run 'pod install' or update your CocoaPods installation.\" >&2\n    exit 1\nfi\n# This output is used by Xcode 'outputs' to avoid re-running this script phase.\necho \"SUCCESS\" > \"${SCRIPT_OUTPUT_FILE_0}\"\n";
			showEnvVarsInLog = 0;
		};
/* End PBXShellScriptBuildPhase section */

/* Begin PBXSourcesBuildPhase section */
		1024363E2BCBBDCA004BB4E8 /* Sources */ = {
			isa = PBXSourcesBuildPhase;
			buildActionMask = 2147483647;
			files = (
				10206B1B2BE7F186000B35AC /* ModelNetwork.swift in Sources */,
				1024364A2BCBBDCA004BB4E8 /* MainViewController.swift in Sources */,
				10206B252BED5023000B35AC /* URLSessionManager.swift in Sources */,
				102436462BCBBDCA004BB4E8 /* AppDelegate.swift in Sources */,
				102436482BCBBDCA004BB4E8 /* SceneDelegate.swift in Sources */,
				10206B102BD6D19F000B35AC /* TextField.swift in Sources */,
				10206B1F2BE7F2E8000B35AC /* Constants.swift in Sources */,
				10206B212BE9527C000B35AC /* AlamofireRequestManager.swift in Sources */,
			);
			runOnlyForDeploymentPostprocessing = 0;
		};
/* End PBXSourcesBuildPhase section */

/* Begin PBXVariantGroup section */
		102436502BCBBDCC004BB4E8 /* LaunchScreen.storyboard */ = {
			isa = PBXVariantGroup;
			children = (
				102436512BCBBDCC004BB4E8 /* Base */,
			);
			name = LaunchScreen.storyboard;
			sourceTree = "<group>";
		};
/* End PBXVariantGroup section */

/* Begin XCBuildConfiguration section */
		102436542BCBBDCC004BB4E8 /* Debug */ = {
			isa = XCBuildConfiguration;
			buildSettings = {
				ALWAYS_SEARCH_USER_PATHS = NO;
				ASSETCATALOG_COMPILER_GENERATE_SWIFT_ASSET_SYMBOL_EXTENSIONS = YES;
				CLANG_ANALYZER_NONNULL = YES;
				CLANG_ANALYZER_NUMBER_OBJECT_CONVERSION = YES_AGGRESSIVE;
				CLANG_CXX_LANGUAGE_STANDARD = "gnu++20";
				CLANG_ENABLE_MODULES = YES;
				CLANG_ENABLE_OBJC_ARC = YES;
				CLANG_ENABLE_OBJC_WEAK = YES;
				CLANG_WARN_BLOCK_CAPTURE_AUTORELEASING = YES;
				CLANG_WARN_BOOL_CONVERSION = YES;
				CLANG_WARN_COMMA = YES;
				CLANG_WARN_CONSTANT_CONVERSION = YES;
				CLANG_WARN_DEPRECATED_OBJC_IMPLEMENTATIONS = YES;
				CLANG_WARN_DIRECT_OBJC_ISA_USAGE = YES_ERROR;
				CLANG_WARN_DOCUMENTATION_COMMENTS = YES;
				CLANG_WARN_EMPTY_BODY = YES;
				CLANG_WARN_ENUM_CONVERSION = YES;
				CLANG_WARN_INFINITE_RECURSION = YES;
				CLANG_WARN_INT_CONVERSION = YES;
				CLANG_WARN_NON_LITERAL_NULL_CONVERSION = YES;
				CLANG_WARN_OBJC_IMPLICIT_RETAIN_SELF = YES;
				CLANG_WARN_OBJC_LITERAL_CONVERSION = YES;
				CLANG_WARN_OBJC_ROOT_CLASS = YES_ERROR;
				CLANG_WARN_QUOTED_INCLUDE_IN_FRAMEWORK_HEADER = YES;
				CLANG_WARN_RANGE_LOOP_ANALYSIS = YES;
				CLANG_WARN_STRICT_PROTOTYPES = YES;
				CLANG_WARN_SUSPICIOUS_MOVE = YES;
				CLANG_WARN_UNGUARDED_AVAILABILITY = YES_AGGRESSIVE;
				CLANG_WARN_UNREACHABLE_CODE = YES;
				CLANG_WARN__DUPLICATE_METHOD_MATCH = YES;
				COPY_PHASE_STRIP = NO;
				DEBUG_INFORMATION_FORMAT = dwarf;
				ENABLE_STRICT_OBJC_MSGSEND = YES;
				ENABLE_TESTABILITY = YES;
				ENABLE_USER_SCRIPT_SANDBOXING = NO;
				GCC_C_LANGUAGE_STANDARD = gnu17;
				GCC_DYNAMIC_NO_PIC = NO;
				GCC_NO_COMMON_BLOCKS = YES;
				GCC_OPTIMIZATION_LEVEL = 0;
				GCC_PREPROCESSOR_DEFINITIONS = (
					"DEBUG=1",
					"$(inherited)",
				);
				GCC_WARN_64_TO_32_BIT_CONVERSION = YES;
				GCC_WARN_ABOUT_RETURN_TYPE = YES_ERROR;
				GCC_WARN_UNDECLARED_SELECTOR = YES;
				GCC_WARN_UNINITIALIZED_AUTOS = YES_AGGRESSIVE;
				GCC_WARN_UNUSED_FUNCTION = YES;
				GCC_WARN_UNUSED_VARIABLE = YES;
				IPHONEOS_DEPLOYMENT_TARGET = 17.4;
				LOCALIZATION_PREFERS_STRING_CATALOGS = YES;
				MTL_ENABLE_DEBUG_INFO = INCLUDE_SOURCE;
				MTL_FAST_MATH = YES;
				ONLY_ACTIVE_ARCH = YES;
				SDKROOT = iphoneos;
				SWIFT_ACTIVE_COMPILATION_CONDITIONS = "DEBUG $(inherited)";
				SWIFT_OPTIMIZATION_LEVEL = "-Onone";
			};
			name = Debug;
		};
		102436552BCBBDCC004BB4E8 /* Release */ = {
			isa = XCBuildConfiguration;
			buildSettings = {
				ALWAYS_SEARCH_USER_PATHS = NO;
				ASSETCATALOG_COMPILER_GENERATE_SWIFT_ASSET_SYMBOL_EXTENSIONS = YES;
				CLANG_ANALYZER_NONNULL = YES;
				CLANG_ANALYZER_NUMBER_OBJECT_CONVERSION = YES_AGGRESSIVE;
				CLANG_CXX_LANGUAGE_STANDARD = "gnu++20";
				CLANG_ENABLE_MODULES = YES;
				CLANG_ENABLE_OBJC_ARC = YES;
				CLANG_ENABLE_OBJC_WEAK = YES;
				CLANG_WARN_BLOCK_CAPTURE_AUTORELEASING = YES;
				CLANG_WARN_BOOL_CONVERSION = YES;
				CLANG_WARN_COMMA = YES;
				CLANG_WARN_CONSTANT_CONVERSION = YES;
				CLANG_WARN_DEPRECATED_OBJC_IMPLEMENTATIONS = YES;
				CLANG_WARN_DIRECT_OBJC_ISA_USAGE = YES_ERROR;
				CLANG_WARN_DOCUMENTATION_COMMENTS = YES;
				CLANG_WARN_EMPTY_BODY = YES;
				CLANG_WARN_ENUM_CONVERSION = YES;
				CLANG_WARN_INFINITE_RECURSION = YES;
				CLANG_WARN_INT_CONVERSION = YES;
				CLANG_WARN_NON_LITERAL_NULL_CONVERSION = YES;
				CLANG_WARN_OBJC_IMPLICIT_RETAIN_SELF = YES;
				CLANG_WARN_OBJC_LITERAL_CONVERSION = YES;
				CLANG_WARN_OBJC_ROOT_CLASS = YES_ERROR;
				CLANG_WARN_QUOTED_INCLUDE_IN_FRAMEWORK_HEADER = YES;
				CLANG_WARN_RANGE_LOOP_ANALYSIS = YES;
				CLANG_WARN_STRICT_PROTOTYPES = YES;
				CLANG_WARN_SUSPICIOUS_MOVE = YES;
				CLANG_WARN_UNGUARDED_AVAILABILITY = YES_AGGRESSIVE;
				CLANG_WARN_UNREACHABLE_CODE = YES;
				CLANG_WARN__DUPLICATE_METHOD_MATCH = YES;
				COPY_PHASE_STRIP = NO;
				DEBUG_INFORMATION_FORMAT = "dwarf-with-dsym";
				ENABLE_NS_ASSERTIONS = NO;
				ENABLE_STRICT_OBJC_MSGSEND = YES;
				ENABLE_USER_SCRIPT_SANDBOXING = NO;
				GCC_C_LANGUAGE_STANDARD = gnu17;
				GCC_NO_COMMON_BLOCKS = YES;
				GCC_WARN_64_TO_32_BIT_CONVERSION = YES;
				GCC_WARN_ABOUT_RETURN_TYPE = YES_ERROR;
				GCC_WARN_UNDECLARED_SELECTOR = YES;
				GCC_WARN_UNINITIALIZED_AUTOS = YES_AGGRESSIVE;
				GCC_WARN_UNUSED_FUNCTION = YES;
				GCC_WARN_UNUSED_VARIABLE = YES;
				IPHONEOS_DEPLOYMENT_TARGET = 17.4;
				LOCALIZATION_PREFERS_STRING_CATALOGS = YES;
				MTL_ENABLE_DEBUG_INFO = NO;
				MTL_FAST_MATH = YES;
				SDKROOT = iphoneos;
				SWIFT_COMPILATION_MODE = wholemodule;
				VALIDATE_PRODUCT = YES;
			};
			name = Release;
		};
		102436572BCBBDCC004BB4E8 /* Debug */ = {
			isa = XCBuildConfiguration;
			baseConfigurationReference = 373298CF28DBF233D5FA9E78 /* Pods-M18.7.debug.xcconfig */;
			buildSettings = {
				ASSETCATALOG_COMPILER_APPICON_NAME = AppIcon;
				ASSETCATALOG_COMPILER_GLOBAL_ACCENT_COLOR_NAME = AccentColor;
				CODE_SIGN_STYLE = Automatic;
				CURRENT_PROJECT_VERSION = 1;
				DEVELOPMENT_TEAM = FQ6F667D5Y;
				GENERATE_INFOPLIST_FILE = YES;
				INFOPLIST_FILE = M18.7/Info.plist;
				INFOPLIST_KEY_UIApplicationSupportsIndirectInputEvents = YES;
				INFOPLIST_KEY_UILaunchStoryboardName = LaunchScreen;
				INFOPLIST_KEY_UISupportedInterfaceOrientations_iPad = "UIInterfaceOrientationPortrait UIInterfaceOrientationPortraitUpsideDown UIInterfaceOrientationLandscapeLeft UIInterfaceOrientationLandscapeRight";
				INFOPLIST_KEY_UISupportedInterfaceOrientations_iPhone = "UIInterfaceOrientationPortrait UIInterfaceOrientationLandscapeLeft UIInterfaceOrientationLandscapeRight";
				LD_RUNPATH_SEARCH_PATHS = (
					"$(inherited)",
					"@executable_path/Frameworks",
				);
				MARKETING_VERSION = 1.0;
				PRODUCT_BUNDLE_IDENTIFIER = "Rupcev.M18-7";
				PRODUCT_NAME = "$(TARGET_NAME)";
				SWIFT_EMIT_LOC_STRINGS = YES;
				SWIFT_VERSION = 5.0;
				TARGETED_DEVICE_FAMILY = "1,2";
			};
			name = Debug;
		};
		102436582BCBBDCC004BB4E8 /* Release */ = {
			isa = XCBuildConfiguration;
			baseConfigurationReference = FE2A2725067CEDB7DB245C2D /* Pods-M18.7.release.xcconfig */;
			buildSettings = {
				ASSETCATALOG_COMPILER_APPICON_NAME = AppIcon;
				ASSETCATALOG_COMPILER_GLOBAL_ACCENT_COLOR_NAME = AccentColor;
				CODE_SIGN_STYLE = Automatic;
				CURRENT_PROJECT_VERSION = 1;
				DEVELOPMENT_TEAM = FQ6F667D5Y;
				GENERATE_INFOPLIST_FILE = YES;
				INFOPLIST_FILE = M18.7/Info.plist;
				INFOPLIST_KEY_UIApplicationSupportsIndirectInputEvents = YES;
				INFOPLIST_KEY_UILaunchStoryboardName = LaunchScreen;
				INFOPLIST_KEY_UISupportedInterfaceOrientations_iPad = "UIInterfaceOrientationPortrait UIInterfaceOrientationPortraitUpsideDown UIInterfaceOrientationLandscapeLeft UIInterfaceOrientationLandscapeRight";
				INFOPLIST_KEY_UISupportedInterfaceOrientations_iPhone = "UIInterfaceOrientationPortrait UIInterfaceOrientationLandscapeLeft UIInterfaceOrientationLandscapeRight";
				LD_RUNPATH_SEARCH_PATHS = (
					"$(inherited)",
					"@executable_path/Frameworks",
				);
				MARKETING_VERSION = 1.0;
				PRODUCT_BUNDLE_IDENTIFIER = "Rupcev.M18-7";
				PRODUCT_NAME = "$(TARGET_NAME)";
				SWIFT_EMIT_LOC_STRINGS = YES;
				SWIFT_VERSION = 5.0;
				TARGETED_DEVICE_FAMILY = "1,2";
			};
			name = Release;
		};
/* End XCBuildConfiguration section */

/* Begin XCConfigurationList section */
		1024363D2BCBBDCA004BB4E8 /* Build configuration list for PBXProject "M18.7" */ = {
			isa = XCConfigurationList;
			buildConfigurations = (
				102436542BCBBDCC004BB4E8 /* Debug */,
				102436552BCBBDCC004BB4E8 /* Release */,
			);
			defaultConfigurationIsVisible = 0;
			defaultConfigurationName = Release;
		};
		102436562BCBBDCC004BB4E8 /* Build configuration list for PBXNativeTarget "M18.7" */ = {
			isa = XCConfigurationList;
			buildConfigurations = (
				102436572BCBBDCC004BB4E8 /* Debug */,
				102436582BCBBDCC004BB4E8 /* Release */,
			);
			defaultConfigurationIsVisible = 0;
			defaultConfigurationName = Release;
		};
/* End XCConfigurationList section */
	};
	rootObject = 1024363A2BCBBDCA004BB4E8 /* Project object */;
}
